
Microsoft Visual Studio Solution File, Format Version 12.00
# Visual Studio Version 16
VisualStudioVersion = 16.0.30611.23
MinimumVisualStudioVersion = 10.0.40219.1
Project("{FAE04EC0-301F-11D3-BF4B-00C04F79EFBC}") = "Meta Trader 4 GUI", "Meta Trader 4 GUI\Meta Trader 4 GUI.csproj", "{589C109A-9963-4FCA-80AD-B1EFDBE70E03}"
EndProject
Global
	GlobalSection(SolutionConfigurationPlatforms) = preSolution
		Debug|Any CPU = Debug|Any CPU
		Release|Any CPU = Release|Any CPU
	EndGlobalSection
	GlobalSection(ProjectConfigurationPlatforms) = postSolution
		{589C109A-9963-4FCA-80AD-B1EFDBE70E03}.Debug|Any CPU.ActiveCfg = Debug|Any CPU
		{589C109A-9963-4FCA-80AD-B1EFDBE70E03}.Debug|Any CPU.Build.0 = Debug|Any CPU
		{589C109A-9963-4FCA-80AD-B1EFDBE70E03}.Release|Any CPU.ActiveCfg = Release|Any CPU
		{589C109A-9963-4FCA-80AD-B1EFDBE70E03}.Release|Any CPU.Build.0 = Release|Any CPU
	EndGlobalSection
	GlobalSection(SolutionProperties) = preSolution
		HideSolutionNode = FALSE
	EndGlobalSection
	GlobalSection(ExtensibilityGlobals) = postSolution
		SolutionGuid = {C80A1A87-DDC9-42F0-A65C-CB1E4253AB68}
	EndGlobalSection
EndGlobal
